
Microsoft Visual Studio Solution File, Format Version 12.00
Project("{FAE04EC0-301F-11D3-BF4B-00C04F79EFBC}") = "NavigationDemo", "NavigationDemo\NavigationDemo\NavigationDemo.csproj", "{132A3844-2DC4-4F84-AA87-08CF4230FACE}"
EndProject
Project("{FAE04EC0-301F-11D3-BF4B-00C04F79EFBC}") = "NavigationDemo.Android", "NavigationDemo\NavigationDemo.Android\NavigationDemo.Android.csproj", "{EEB524E5-D7D2-4FD5-8E5B-E9EAA7B6C1F4}"
EndProject
Project("{FAE04EC0-301F-11D3-BF4B-00C04F79EFBC}") = "NavigationDemo.iOS", "NavigationDemo\NavigationDemo.iOS\NavigationDemo.iOS.csproj", "{B26F8ADF-8DF8-443F-B556-CDC16F4A872E}"
EndProject
Global
	GlobalSection(SolutionConfigurationPlatforms) = preSolution
		Ad-Hoc|iPhone = Ad-Hoc|iPhone
		AppStore|iPhone = AppStore|iPhone
		Debug|Any CPU = Debug|Any CPU
		Debug|iPhone = Debug|iPhone
		Debug|iPhoneSimulator = Debug|iPhoneSimulator
		Release|Any CPU = Release|Any CPU
		Release|iPhone = Release|iPhone
		Release|iPhoneSimulator = Release|iPhoneSimulator
	EndGlobalSection
	GlobalSection(ProjectConfigurationPlatforms) = postSolution
		{132A3844-2DC4-4F84-AA87-08CF4230FACE}.Ad-Hoc|iPhone.ActiveCfg = Debug|Any CPU
		{132A3844-2DC4-4F84-AA87-08CF4230FACE}.Ad-Hoc|iPhone.Build.0 = Debug|Any CPU
		{132A3844-2DC4-4F84-AA87-08CF4230FACE}.AppStore|iPhone.ActiveCfg = Debug|Any CPU
		{132A3844-2DC4-4F84-AA87-08CF4230FACE}.AppStore|iPhone.Build.0 = Debug|Any CPU
		{132A3844-2DC4-4F84-AA87-08CF4230FACE}.Debug|Any CPU.ActiveCfg = Debug|Any CPU
		{132A3844-2DC4-4F84-AA87-08CF4230FACE}.Debug|Any CPU.Build.0 = Debug|Any CPU
		{132A3844-2DC4-4F84-AA87-08CF4230FACE}.Debug|iPhone.ActiveCfg = Debug|Any CPU
		{132A3844-2DC4-4F84-AA87-08CF4230FACE}.Debug|iPhone.Build.0 = Debug|Any CPU
		{132A3844-2DC4-4F84-AA87-08CF4230FACE}.Debug|iPhoneSimulator.ActiveCfg = Debug|Any CPU
		{132A3844-2DC4-4F84-AA87-08CF4230FACE}.Debug|iPhoneSimulator.Build.0 = Debug|Any CPU
		{132A3844-2DC4-4F84-AA87-08CF4230FACE}.Release|Any CPU.ActiveCfg = Release|Any CPU
		{132A3844-2DC4-4F84-AA87-08CF4230FACE}.Release|Any CPU.Build.0 = Release|Any CPU
		{132A3844-2DC4-4F84-AA87-08CF4230FACE}.Release|iPhone.ActiveCfg = Release|Any CPU
		{132A3844-2DC4-4F84-AA87-08CF4230FACE}.Release|iPhone.Build.0 = Release|Any CPU
		{132A3844-2DC4-4F84-AA87-08CF4230FACE}.Release|iPhoneSimulator.ActiveCfg = Release|Any CPU
		{132A3844-2DC4-4F84-AA87-08CF4230FACE}.Release|iPhoneSimulator.Build.0 = Release|Any CPU
		{EEB524E5-D7D2-4FD5-8E5B-E9EAA7B6C1F4}.Ad-Hoc|iPhone.ActiveCfg = Debug|Any CPU
		{EEB524E5-D7D2-4FD5-8E5B-E9EAA7B6C1F4}.Ad-Hoc|iPhone.Build.0 = Debug|Any CPU
		{EEB524E5-D7D2-4FD5-8E5B-E9EAA7B6C1F4}.Ad-Hoc|iPhone.Deploy.0 = Debug|Any CPU
		{EEB524E5-D7D2-4FD5-8E5B-E9EAA7B6C1F4}.AppStore|iPhone.ActiveCfg = Debug|Any CPU
		{EEB524E5-D7D2-4FD5-8E5B-E9EAA7B6C1F4}.AppStore|iPhone.Build.0 = Debug|Any CPU
		{EEB524E5-D7D2-4FD5-8E5B-E9EAA7B6C1F4}.AppStore|iPhone.Deploy.0 = Debug|Any CPU
		{EEB524E5-D7D2-4FD5-8E5B-E9EAA7B6C1F4}.Debug|Any CPU.ActiveCfg = Debug|Any CPU
		{EEB524E5-D7D2-4FD5-8E5B-E9EAA7B6C1F4}.Debug|Any CPU.Build.0 = Debug|Any CPU
		{EEB524E5-D7D2-4FD5-8E5B-E9EAA7B6C1F4}.Debug|Any CPU.Deploy.0 = Debug|Any CPU
		{EEB524E5-D7D2-4FD5-8E5B-E9EAA7B6C1F4}.Debug|iPhone.ActiveCfg = Debug|Any CPU
		{EEB524E5-D7D2-4FD5-8E5B-E9EAA7B6C1F4}.Debug|iPhone.Build.0 = Debug|Any CPU
		{EEB524E5-D7D2-4FD5-8E5B-E9EAA7B6C1F4}.Debug|iPhone.Deploy.0 = Debug|Any CPU
		{EEB524E5-D7D2-4FD5-8E5B-E9EAA7B6C1F4}.Debug|iPhoneSimulator.ActiveCfg = Debug|Any CPU
		{EEB524E5-D7D2-4FD5-8E5B-E9EAA7B6C1F4}.Debug|iPhoneSimulator.Build.0 = Debug|Any CPU
		{EEB524E5-D7D2-4FD5-8E5B-E9EAA7B6C1F4}.Debug|iPhoneSimulator.Deploy.0 = Debug|Any CPU
		{EEB524E5-D7D2-4FD5-8E5B-E9EAA7B6C1F4}.Release|Any CPU.ActiveCfg = Release|Any CPU
		{EEB524E5-D7D2-4FD5-8E5B-E9EAA7B6C1F4}.Release|Any CPU.Build.0 = Release|Any CPU
		{EEB524E5-D7D2-4FD5-8E5B-E9EAA7B6C1F4}.Release|Any CPU.Deploy.0 = Release|Any CPU
		{EEB524E5-D7D2-4FD5-8E5B-E9EAA7B6C1F4}.Release|iPhone.ActiveCfg = Release|Any CPU
		{EEB524E5-D7D2-4FD5-8E5B-E9EAA7B6C1F4}.Release|iPhone.Build.0 = Release|Any CPU
		{EEB524E5-D7D2-4FD5-8E5B-E9EAA7B6C1F4}.Release|iPhone.Deploy.0 = Release|Any CPU
		{EEB524E5-D7D2-4FD5-8E5B-E9EAA7B6C1F4}.Release|iPhoneSimulator.ActiveCfg = Release|Any CPU
		{EEB524E5-D7D2-4FD5-8E5B-E9EAA7B6C1F4}.Release|iPhoneSimulator.Build.0 = Release|Any CPU
		{EEB524E5-D7D2-4FD5-8E5B-E9EAA7B6C1F4}.Release|iPhoneSimulator.Deploy.0 = Release|Any CPU
		{B26F8ADF-8DF8-443F-B556-CDC16F4A872E}.Ad-Hoc|iPhone.ActiveCfg = Ad-Hoc|iPhone
		{B26F8ADF-8DF8-443F-B556-CDC16F4A872E}.Ad-Hoc|iPhone.Build.0 = Ad-Hoc|iPhone
		{B26F8ADF-8DF8-443F-B556-CDC16F4A872E}.Ad-Hoc|iPhone.Deploy.0 = Ad-Hoc|iPhone
		{B26F8ADF-8DF8-443F-B556-CDC16F4A872E}.AppStore|iPhone.ActiveCfg = AppStore|iPhone
		{B26F8ADF-8DF8-443F-B556-CDC16F4A872E}.AppStore|iPhone.Build.0 = AppStore|iPhone
		{B26F8ADF-8DF8-443F-B556-CDC16F4A872E}.AppStore|iPhone.Deploy.0 = AppStore|iPhone
		{B26F8ADF-8DF8-443F-B556-CDC16F4A872E}.Debug|Any CPU.ActiveCfg = Debug|iPhoneSimulator
		{B26F8ADF-8DF8-443F-B556-CDC16F4A872E}.Debug|Any CPU.Build.0 = Debug|iPhoneSimulator
		{B26F8ADF-8DF8-443F-B556-CDC16F4A872E}.Debug|Any CPU.Deploy.0 = Debug|iPhoneSimulator
		{B26F8ADF-8DF8-443F-B556-CDC16F4A872E}.Debug|iPhone.ActiveCfg = Debug|iPhone
		{B26F8ADF-8DF8-443F-B556-CDC16F4A872E}.Debug|iPhone.Build.0 = Debug|iPhone
		{B26F8ADF-8DF8-443F-B556-CDC16F4A872E}.Debug|iPhone.Deploy.0 = Debug|iPhone
		{B26F8ADF-8DF8-443F-B556-CDC16F4A872E}.Debug|iPhoneSimulator.ActiveCfg = Debug|iPhoneSimulator
		{B26F8ADF-8DF8-443F-B556-CDC16F4A872E}.Debug|iPhoneSimulator.Build.0 = Debug|iPhoneSimulator
		{B26F8ADF-8DF8-443F-B556-CDC16F4A872E}.Debug|iPhoneSimulator.Deploy.0 = Debug|iPhoneSimulator
		{B26F8ADF-8DF8-443F-B556-CDC16F4A872E}.Release|Any CPU.ActiveCfg = Release|iPhoneSimulator
		{B26F8ADF-8DF8-443F-B556-CDC16F4A872E}.Release|Any CPU.Build.0 = Release|iPhoneSimulator
		{B26F8ADF-8DF8-443F-B556-CDC16F4A872E}.Release|Any CPU.Deploy.0 = Release|iPhoneSimulator
		{B26F8ADF-8DF8-443F-B556-CDC16F4A872E}.Release|iPhone.ActiveCfg = Release|iPhone
		{B26F8ADF-8DF8-443F-B556-CDC16F4A872E}.Release|iPhone.Build.0 = Release|iPhone
		{B26F8ADF-8DF8-443F-B556-CDC16F4A872E}.Release|iPhone.Deploy.0 = Release|iPhone
		{B26F8ADF-8DF8-443F-B556-CDC16F4A872E}.Release|iPhoneSimulator.ActiveCfg = Release|iPhoneSimulator
		{B26F8ADF-8DF8-443F-B556-CDC16F4A872E}.Release|iPhoneSimulator.Build.0 = Release|iPhoneSimulator
		{B26F8ADF-8DF8-443F-B556-CDC16F4A872E}.Release|iPhoneSimulator.Deploy.0 = Release|iPhoneSimulator
	EndGlobalSection
EndGlobal
